
Microsoft Visual Studio Solution File, Format Version 12.00
# Visual Studio Version 16
VisualStudioVersion = 16.0.30011.22
MinimumVisualStudioVersion = 10.0.40219.1
Project("{9A19103F-16F7-4668-BE54-9A1E7A4F7556}") = "MTK.Client", "MTK.Client\MTK.Client.csproj", "{FBAE4C87-AAD1-4BEA-A9DB-8CA8C3BE516C}"
EndProject
Project("{9A19103F-16F7-4668-BE54-9A1E7A4F7556}") = "MTK.EventBusRabbitMq", "EventBus\MTK.EventBusRabbitMq\MTK.EventBusRabbitMq.csproj", "{98579AD0-618C-4D58-94A9-5E8EDDBACBBD}"
EndProject
Project("{9A19103F-16F7-4668-BE54-9A1E7A4F7556}") = "MTK.EventBus", "EventBus\MTK.EventBus\MTK.EventBus.csproj", "{3F702E98-1071-496F-8928-6984C27985EE}"
EndProject
Project("{9A19103F-16F7-4668-BE54-9A1E7A4F7556}") = "MTK.RankAPI", "MTK.RankAPI\MTK.RankAPI.csproj", "{BC428E93-1D30-47B0-9D6B-102BE493CABF}"
EndProject
Project("{9A19103F-16F7-4668-BE54-9A1E7A4F7556}") = "MTK.Contracts", "MTK.Contracts\MTK.Contracts.csproj", "{1BE77262-9898-4294-BF29-E8C5B7147126}"
EndProject
Project("{FAE04EC0-301F-11D3-BF4B-00C04F79EFBC}") = "MTK.SyllabusAPI", "MTK.SyllabusAPI\MTK.SyllabusAPI.csproj", "{FAC61188-8383-4EA0-8B6E-F62DF32EE801}"
EndProject
Global
	GlobalSection(SolutionConfigurationPlatforms) = preSolution
		Debug|Any CPU = Debug|Any CPU
		Release|Any CPU = Release|Any CPU
	EndGlobalSection
	GlobalSection(ProjectConfigurationPlatforms) = postSolution
		{FBAE4C87-AAD1-4BEA-A9DB-8CA8C3BE516C}.Debug|Any CPU.ActiveCfg = Debug|Any CPU
		{FBAE4C87-AAD1-4BEA-A9DB-8CA8C3BE516C}.Debug|Any CPU.Build.0 = Debug|Any CPU
		{FBAE4C87-AAD1-4BEA-A9DB-8CA8C3BE516C}.Release|Any CPU.ActiveCfg = Release|Any CPU
		{FBAE4C87-AAD1-4BEA-A9DB-8CA8C3BE516C}.Release|Any CPU.Build.0 = Release|Any CPU
		{98579AD0-618C-4D58-94A9-5E8EDDBACBBD}.Debug|Any CPU.ActiveCfg = Debug|Any CPU
		{98579AD0-618C-4D58-94A9-5E8EDDBACBBD}.Debug|Any CPU.Build.0 = Debug|Any CPU
		{98579AD0-618C-4D58-94A9-5E8EDDBACBBD}.Release|Any CPU.ActiveCfg = Release|Any CPU
		{98579AD0-618C-4D58-94A9-5E8EDDBACBBD}.Release|Any CPU.Build.0 = Release|Any CPU
		{3F702E98-1071-496F-8928-6984C27985EE}.Debug|Any CPU.ActiveCfg = Debug|Any CPU
		{3F702E98-1071-496F-8928-6984C27985EE}.Debug|Any CPU.Build.0 = Debug|Any CPU
		{3F702E98-1071-496F-8928-6984C27985EE}.Release|Any CPU.ActiveCfg = Release|Any CPU
		{3F702E98-1071-496F-8928-6984C27985EE}.Release|Any CPU.Build.0 = Release|Any CPU
		{BC428E93-1D30-47B0-9D6B-102BE493CABF}.Debug|Any CPU.ActiveCfg = Debug|Any CPU
		{BC428E93-1D30-47B0-9D6B-102BE493CABF}.Debug|Any CPU.Build.0 = Debug|Any CPU
		{BC428E93-1D30-47B0-9D6B-102BE493CABF}.Release|Any CPU.ActiveCfg = Release|Any CPU
		{BC428E93-1D30-47B0-9D6B-102BE493CABF}.Release|Any CPU.Build.0 = Release|Any CPU
		{1BE77262-9898-4294-BF29-E8C5B7147126}.Debug|Any CPU.ActiveCfg = Debug|Any CPU
		{1BE77262-9898-4294-BF29-E8C5B7147126}.Debug|Any CPU.Build.0 = Debug|Any CPU
		{1BE77262-9898-4294-BF29-E8C5B7147126}.Release|Any CPU.ActiveCfg = Release|Any CPU
		{1BE77262-9898-4294-BF29-E8C5B7147126}.Release|Any CPU.Build.0 = Release|Any CPU
		{FAC61188-8383-4EA0-8B6E-F62DF32EE801}.Debug|Any CPU.ActiveCfg = Debug|Any CPU
		{FAC61188-8383-4EA0-8B6E-F62DF32EE801}.Debug|Any CPU.Build.0 = Debug|Any CPU
		{FAC61188-8383-4EA0-8B6E-F62DF32EE801}.Release|Any CPU.ActiveCfg = Release|Any CPU
		{FAC61188-8383-4EA0-8B6E-F62DF32EE801}.Release|Any CPU.Build.0 = Release|Any CPU
	EndGlobalSection
	GlobalSection(SolutionProperties) = preSolution
		HideSolutionNode = FALSE
	EndGlobalSection
	GlobalSection(ExtensibilityGlobals) = postSolution
		SolutionGuid = {3711BA66-EC25-4844-94A7-E991F41940E7}
	EndGlobalSection
EndGlobal
